{
  "name": "medium-json-feed",
  "version": "0.0.3",
  "lockfileVersion": 2,
  "requires": true,
  "packages": {
    "": {
      "name": "medium-json-feed",
      "version": "0.0.3",
      "license": "MIT",
      "dependencies": {
        "medium-json-feed": "^0.0.3"
      },
      "engines": {
        "node": ">=6.0.0"
      }
    },
    "node_modules/medium-json-feed": {
      "version": "0.0.3",
      "resolved": "https://registry.npmjs.org/medium-json-feed/-/medium-json-feed-0.0.3.tgz",
      "integrity": "sha512-JPFDW1Tp38/Q9+2v7CfbLUlY0lYmfqNnU655WrB3GapoWOg/QkXnU9LwvkkoA1tSmSgIpfaYmb4qmuTa4wXd7Q==",
      "engines": {
        "node": ">=6.0.0"
      }
    }
  },
  "dependencies": {
    "medium-json-feed": {
      "version": "0.0.3",
      "resolved": "https://registry.npmjs.org/medium-json-feed/-/medium-json-feed-0.0.3.tgz",
      "integrity": "sha512-JPFDW1Tp38/Q9+2v7CfbLUlY0lYmfqNnU655WrB3GapoWOg/QkXnU9LwvkkoA1tSmSgIpfaYmb4qmuTa4wXd7Q=="
    }
  }
}
